
Microsoft Visual Studio Solution File, Format Version 10.00
# Visual Studio 2008
Project("{8BC9CEB8-8B4A-11D0-8D11-00A0C91BC942}") = "bin_search", "bin_search\bin_search.vcproj", "{7DFA8445-AA0F-446A-9952-E9C491EABE89}"
EndProject
Global
	GlobalSection(SolutionConfigurationPlatforms) = preSolution
		Debug|Win32 = Debug|Win32
		Release|Win32 = Release|Win32
	EndGlobalSection
	GlobalSection(ProjectConfigurationPlatforms) = postSolution
		{7DFA8445-AA0F-446A-9952-E9C491EABE89}.Debug|Win32.ActiveCfg = Debug|Win32
		{7DFA8445-AA0F-446A-9952-E9C491EABE89}.Debug|Win32.Build.0 = Debug|Win32
		{7DFA8445-AA0F-446A-9952-E9C491EABE89}.Release|Win32.ActiveCfg = Release|Win32
		{7DFA8445-AA0F-446A-9952-E9C491EABE89}.Release|Win32.Build.0 = Release|Win32
	EndGlobalSection
	GlobalSection(SolutionProperties) = preSolution
		HideSolutionNode = FALSE
	EndGlobalSection
EndGlobal
